
Microsoft Visual Studio Solution File, Format Version 12.00
# Visual Studio Version 17
VisualStudioVersion = 17.0.31903.59
MinimumVisualStudioVersion = 10.0.40219.1
Project("{9A19103F-16F7-4668-BE54-9A1E7A4F7556}") = "App.AppCore", "AppCore\App.AppCore\App.AppCore.csproj", "{DF67498B-5FDC-4D1E-B419-4FEF60B8AD61}"
EndProject
Project("{2150E333-8FDC-42A3-9474-1A3956D46DE8}") = "AppCore", "AppCore", "{1AD6A81A-6390-4DB6-9D68-F8BF1FB41E4B}"
EndProject
Project("{2150E333-8FDC-42A3-9474-1A3956D46DE8}") = "Infra", "Infra", "{9094D4E2-5B51-4E9F-AAC7-A266CC7E9EB5}"
EndProject
Project("{2150E333-8FDC-42A3-9474-1A3956D46DE8}") = "Presentation", "Presentation", "{3F87956F-BF96-43A6-8B32-041FD65295E2}"
EndProject
Project("{2150E333-8FDC-42A3-9474-1A3956D46DE8}") = "Test", "Test", "{F0CA31B1-5211-4930-85A1-B10444A1A5DE}"
EndProject
Project("{9A19103F-16F7-4668-BE54-9A1E7A4F7556}") = "App.Console", "Presentations\App.Console\App.Console.csproj", "{A9551EDC-2F86-4158-A4B9-81EA148A4B75}"
EndProject
Project("{9A19103F-16F7-4668-BE54-9A1E7A4F7556}") = "App.Api", "Presentations\App.Api\App.Api.csproj", "{1AA87593-AB59-41F4-AF01-C37B6FA776D4}"
EndProject
Project("{9A19103F-16F7-4668-BE54-9A1E7A4F7556}") = "App.Database", "Infra\App.Database\App.Database.csproj", "{7CD97935-7CDF-4883-88F0-739526B607A9}"
EndProject
Project("{9A19103F-16F7-4668-BE54-9A1E7A4F7556}") = "App.File", "Infra\App.File\App.File.csproj", "{853618F2-BF21-4360-948A-859F63205893}"
EndProject
Project("{9A19103F-16F7-4668-BE54-9A1E7A4F7556}") = "App.TestConsole", "Test\App.TestConsole\App.TestConsole.csproj", "{992B0D2E-A7B6-4A3B-8D27-5E9ECE77EDF1}"
EndProject
Project("{FAE04EC0-301F-11D3-BF4B-00C04F79EFBC}") = "App.TestApi", "Test\App.TestApi\App.TestApi.csproj", "{E1A4CA0B-B322-46FC-A9C7-AD5ED15F8D30}"
EndProject
Project("{FAE04EC0-301F-11D3-BF4B-00C04F79EFBC}") = "App.TestAppCore", "Test\App.TestAppCore\App.TestAppCore.csproj", "{6FDD4FF8-65B3-41F8-ADC3-DAD9CCDFCA1F}"
EndProject
Project("{FAE04EC0-301F-11D3-BF4B-00C04F79EFBC}") = "App.NoStorage", "Infra\App.NoStorage\App.NoStorage.csproj", "{090AF59F-BFFF-4B6E-B084-DF5783B8BE6A}"
EndProject
Project("{FAE04EC0-301F-11D3-BF4B-00C04F79EFBC}") = "App.TestKeepInFile", "Test\App.TestKeepInFile\App.TestKeepInFile.csproj", "{8EF7504A-B07B-4057-A3BC-4837B54186DE}"
EndProject
Project("{FAE04EC0-301F-11D3-BF4B-00C04F79EFBC}") = "App.TestKeepInDatabase", "Test\App.TestKeepInDatabase\App.TestKeepInDatabase.csproj", "{831647F5-8261-4DC5-A259-45AD7C9F26DD}"
EndProject
Global
	GlobalSection(SolutionConfigurationPlatforms) = preSolution
		Debug|Any CPU = Debug|Any CPU
		Release|Any CPU = Release|Any CPU
	EndGlobalSection
	GlobalSection(ProjectConfigurationPlatforms) = postSolution
		{DF67498B-5FDC-4D1E-B419-4FEF60B8AD61}.Debug|Any CPU.ActiveCfg = Debug|Any CPU
		{DF67498B-5FDC-4D1E-B419-4FEF60B8AD61}.Debug|Any CPU.Build.0 = Debug|Any CPU
		{DF67498B-5FDC-4D1E-B419-4FEF60B8AD61}.Release|Any CPU.ActiveCfg = Release|Any CPU
		{DF67498B-5FDC-4D1E-B419-4FEF60B8AD61}.Release|Any CPU.Build.0 = Release|Any CPU
		{A9551EDC-2F86-4158-A4B9-81EA148A4B75}.Debug|Any CPU.ActiveCfg = Debug|Any CPU
		{A9551EDC-2F86-4158-A4B9-81EA148A4B75}.Debug|Any CPU.Build.0 = Debug|Any CPU
		{A9551EDC-2F86-4158-A4B9-81EA148A4B75}.Release|Any CPU.ActiveCfg = Release|Any CPU
		{A9551EDC-2F86-4158-A4B9-81EA148A4B75}.Release|Any CPU.Build.0 = Release|Any CPU
		{1AA87593-AB59-41F4-AF01-C37B6FA776D4}.Debug|Any CPU.ActiveCfg = Debug|Any CPU
		{1AA87593-AB59-41F4-AF01-C37B6FA776D4}.Debug|Any CPU.Build.0 = Debug|Any CPU
		{1AA87593-AB59-41F4-AF01-C37B6FA776D4}.Release|Any CPU.ActiveCfg = Release|Any CPU
		{1AA87593-AB59-41F4-AF01-C37B6FA776D4}.Release|Any CPU.Build.0 = Release|Any CPU
		{7CD97935-7CDF-4883-88F0-739526B607A9}.Debug|Any CPU.ActiveCfg = Debug|Any CPU
		{7CD97935-7CDF-4883-88F0-739526B607A9}.Debug|Any CPU.Build.0 = Debug|Any CPU
		{7CD97935-7CDF-4883-88F0-739526B607A9}.Release|Any CPU.ActiveCfg = Release|Any CPU
		{7CD97935-7CDF-4883-88F0-739526B607A9}.Release|Any CPU.Build.0 = Release|Any CPU
		{853618F2-BF21-4360-948A-859F63205893}.Debug|Any CPU.ActiveCfg = Debug|Any CPU
		{853618F2-BF21-4360-948A-859F63205893}.Debug|Any CPU.Build.0 = Debug|Any CPU
		{853618F2-BF21-4360-948A-859F63205893}.Release|Any CPU.ActiveCfg = Release|Any CPU
		{853618F2-BF21-4360-948A-859F63205893}.Release|Any CPU.Build.0 = Release|Any CPU
		{992B0D2E-A7B6-4A3B-8D27-5E9ECE77EDF1}.Debug|Any CPU.ActiveCfg = Debug|Any CPU
		{992B0D2E-A7B6-4A3B-8D27-5E9ECE77EDF1}.Debug|Any CPU.Build.0 = Debug|Any CPU
		{992B0D2E-A7B6-4A3B-8D27-5E9ECE77EDF1}.Release|Any CPU.ActiveCfg = Release|Any CPU
		{992B0D2E-A7B6-4A3B-8D27-5E9ECE77EDF1}.Release|Any CPU.Build.0 = Release|Any CPU
		{E1A4CA0B-B322-46FC-A9C7-AD5ED15F8D30}.Debug|Any CPU.ActiveCfg = Debug|Any CPU
		{E1A4CA0B-B322-46FC-A9C7-AD5ED15F8D30}.Debug|Any CPU.Build.0 = Debug|Any CPU
		{E1A4CA0B-B322-46FC-A9C7-AD5ED15F8D30}.Release|Any CPU.ActiveCfg = Release|Any CPU
		{E1A4CA0B-B322-46FC-A9C7-AD5ED15F8D30}.Release|Any CPU.Build.0 = Release|Any CPU
		{6FDD4FF8-65B3-41F8-ADC3-DAD9CCDFCA1F}.Debug|Any CPU.ActiveCfg = Debug|Any CPU
		{6FDD4FF8-65B3-41F8-ADC3-DAD9CCDFCA1F}.Debug|Any CPU.Build.0 = Debug|Any CPU
		{6FDD4FF8-65B3-41F8-ADC3-DAD9CCDFCA1F}.Release|Any CPU.ActiveCfg = Release|Any CPU
		{6FDD4FF8-65B3-41F8-ADC3-DAD9CCDFCA1F}.Release|Any CPU.Build.0 = Release|Any CPU
		{090AF59F-BFFF-4B6E-B084-DF5783B8BE6A}.Debug|Any CPU.ActiveCfg = Debug|Any CPU
		{090AF59F-BFFF-4B6E-B084-DF5783B8BE6A}.Debug|Any CPU.Build.0 = Debug|Any CPU
		{090AF59F-BFFF-4B6E-B084-DF5783B8BE6A}.Release|Any CPU.ActiveCfg = Release|Any CPU
		{090AF59F-BFFF-4B6E-B084-DF5783B8BE6A}.Release|Any CPU.Build.0 = Release|Any CPU
		{8EF7504A-B07B-4057-A3BC-4837B54186DE}.Debug|Any CPU.ActiveCfg = Debug|Any CPU
		{8EF7504A-B07B-4057-A3BC-4837B54186DE}.Debug|Any CPU.Build.0 = Debug|Any CPU
		{8EF7504A-B07B-4057-A3BC-4837B54186DE}.Release|Any CPU.ActiveCfg = Release|Any CPU
		{8EF7504A-B07B-4057-A3BC-4837B54186DE}.Release|Any CPU.Build.0 = Release|Any CPU
		{831647F5-8261-4DC5-A259-45AD7C9F26DD}.Debug|Any CPU.ActiveCfg = Debug|Any CPU
		{831647F5-8261-4DC5-A259-45AD7C9F26DD}.Debug|Any CPU.Build.0 = Debug|Any CPU
		{831647F5-8261-4DC5-A259-45AD7C9F26DD}.Release|Any CPU.ActiveCfg = Release|Any CPU
		{831647F5-8261-4DC5-A259-45AD7C9F26DD}.Release|Any CPU.Build.0 = Release|Any CPU
	EndGlobalSection
	GlobalSection(SolutionProperties) = preSolution
		HideSolutionNode = FALSE
	EndGlobalSection
	GlobalSection(NestedProjects) = preSolution
		{DF67498B-5FDC-4D1E-B419-4FEF60B8AD61} = {1AD6A81A-6390-4DB6-9D68-F8BF1FB41E4B}
		{A9551EDC-2F86-4158-A4B9-81EA148A4B75} = {3F87956F-BF96-43A6-8B32-041FD65295E2}
		{1AA87593-AB59-41F4-AF01-C37B6FA776D4} = {3F87956F-BF96-43A6-8B32-041FD65295E2}
		{7CD97935-7CDF-4883-88F0-739526B607A9} = {9094D4E2-5B51-4E9F-AAC7-A266CC7E9EB5}
		{853618F2-BF21-4360-948A-859F63205893} = {9094D4E2-5B51-4E9F-AAC7-A266CC7E9EB5}
		{992B0D2E-A7B6-4A3B-8D27-5E9ECE77EDF1} = {F0CA31B1-5211-4930-85A1-B10444A1A5DE}
		{E1A4CA0B-B322-46FC-A9C7-AD5ED15F8D30} = {F0CA31B1-5211-4930-85A1-B10444A1A5DE}
		{6FDD4FF8-65B3-41F8-ADC3-DAD9CCDFCA1F} = {F0CA31B1-5211-4930-85A1-B10444A1A5DE}
		{090AF59F-BFFF-4B6E-B084-DF5783B8BE6A} = {9094D4E2-5B51-4E9F-AAC7-A266CC7E9EB5}
		{8EF7504A-B07B-4057-A3BC-4837B54186DE} = {F0CA31B1-5211-4930-85A1-B10444A1A5DE}
		{831647F5-8261-4DC5-A259-45AD7C9F26DD} = {F0CA31B1-5211-4930-85A1-B10444A1A5DE}
	EndGlobalSection
	GlobalSection(ExtensibilityGlobals) = postSolution
		SolutionGuid = {9A7CE6D6-3D33-4BDB-B92E-7DFA0C7C82A7}
	EndGlobalSection
EndGlobal
